
Microsoft Visual Studio Solution File, Format Version 12.00
# Visual Studio Version 17
VisualStudioVersion = 17.14.36212.18 d17.14
MinimumVisualStudioVersion = 10.0.40219.1
Project("{FAE04EC0-301F-11D3-BF4B-00C04F79EFBC}") = "CodeCameleon.EfCoreToolkit", "CodeCameleon.EfCoreToolkit\CodeCameleon.EfCoreToolkit.csproj", "{A3F8DD74-9B44-4776-859C-BAB3CC01B4C6}"
EndProject
Global
	GlobalSection(SolutionConfigurationPlatforms) = preSolution
		Debug|Any CPU = Debug|Any CPU
		Release|Any CPU = Release|Any CPU
	EndGlobalSection
	GlobalSection(ProjectConfigurationPlatforms) = postSolution
		{A3F8DD74-9B44-4776-859C-BAB3CC01B4C6}.Debug|Any CPU.ActiveCfg = Debug|Any CPU
		{A3F8DD74-9B44-4776-859C-BAB3CC01B4C6}.Debug|Any CPU.Build.0 = Debug|Any CPU
		{A3F8DD74-9B44-4776-859C-BAB3CC01B4C6}.Release|Any CPU.ActiveCfg = Release|Any CPU
		{A3F8DD74-9B44-4776-859C-BAB3CC01B4C6}.Release|Any CPU.Build.0 = Release|Any CPU
	EndGlobalSection
	GlobalSection(SolutionProperties) = preSolution
		HideSolutionNode = FALSE
	EndGlobalSection
	GlobalSection(ExtensibilityGlobals) = postSolution
		SolutionGuid = {1F40F822-581D-4805-A4DC-04A3F8AF918C}
	EndGlobalSection
EndGlobal
